
Microsoft Visual Studio Solution File, Format Version 12.00
# Visual Studio Version 17
VisualStudioVersion = 17.0.31903.59
MinimumVisualStudioVersion = 10.0.40219.1
Project("{2150E333-8FDC-42A3-9474-1A3956D46DE8}") = "src", "src", "{B050D509-C9EF-4B32-816E-B92FDC9FCB96}"
EndProject
Project("{FAE04EC0-301F-11D3-BF4B-00C04F79EFBC}") = "SendEmailDesignerPatternNet.API", "src\SendEmailDesignerPatternNet.API\SendEmailDesignerPatternNet.API.csproj", "{387138B7-68DE-4D97-BE8F-36A2B5CA02E7}"
EndProject
Project("{2150E333-8FDC-42A3-9474-1A3956D46DE8}") = "Services", "Services", "{E2C93CAA-CD69-427B-924F-B0DAE28B066F}"
EndProject
Project("{2150E333-8FDC-42A3-9474-1A3956D46DE8}") = "Email", "Email", "{64E66231-6B18-416F-8321-D57EA4B9BB4E}"
EndProject
Project("{FAE04EC0-301F-11D3-BF4B-00C04F79EFBC}") = "SendEmailDDDAspNet.API", "Services\Email\SendEmailDDDAspNet.API\SendEmailDDDAspNet.API.csproj", "{995D6D04-0367-464C-B015-D42E327AE31C}"
EndProject
Project("{2150E333-8FDC-42A3-9474-1A3956D46DE8}") = "Domains", "Domains", "{BF8225AF-4673-4096-9E21-EDDF57B241DB}"
EndProject
Project("{2150E333-8FDC-42A3-9474-1A3956D46DE8}") = "Email", "Email", "{EFA59C13-C385-4455-A3F4-D921DC411A9A}"
EndProject
Project("{FAE04EC0-301F-11D3-BF4B-00C04F79EFBC}") = "SendEmailDDDAspNet.DOMAIN", "Domains\Email\SendEmailDDDAspNet.DOMAIN\SendEmailDDDAspNet.DOMAIN.csproj", "{EF009662-B9DD-477C-800B-3559774ED9CD}"
EndProject
Project("{2150E333-8FDC-42A3-9474-1A3956D46DE8}") = "Intrastructures", "Intrastructures", "{5C12F4C3-1674-457C-BF34-0EDB75E1DA97}"
EndProject
Project("{2150E333-8FDC-42A3-9474-1A3956D46DE8}") = "Email", "Email", "{6479E1AF-DEFF-4CD0-9641-ADC37F49B66A}"
EndProject
Project("{FAE04EC0-301F-11D3-BF4B-00C04F79EFBC}") = "SendEmailDDDAspNet.DATA", "Intrastructures\Email\SendEmailDDDAspNet.DATA\SendEmailDDDAspNet.DATA.csproj", "{FF892BDF-82C3-49D1-9350-69890AD31C20}"
EndProject
Global
	GlobalSection(SolutionConfigurationPlatforms) = preSolution
		Debug|Any CPU = Debug|Any CPU
		Release|Any CPU = Release|Any CPU
	EndGlobalSection
	GlobalSection(SolutionProperties) = preSolution
		HideSolutionNode = FALSE
	EndGlobalSection
	GlobalSection(NestedProjects) = preSolution
		{387138B7-68DE-4D97-BE8F-36A2B5CA02E7} = {B050D509-C9EF-4B32-816E-B92FDC9FCB96}
		{64E66231-6B18-416F-8321-D57EA4B9BB4E} = {E2C93CAA-CD69-427B-924F-B0DAE28B066F}
		{995D6D04-0367-464C-B015-D42E327AE31C} = {64E66231-6B18-416F-8321-D57EA4B9BB4E}
		{EFA59C13-C385-4455-A3F4-D921DC411A9A} = {BF8225AF-4673-4096-9E21-EDDF57B241DB}
		{EF009662-B9DD-477C-800B-3559774ED9CD} = {EFA59C13-C385-4455-A3F4-D921DC411A9A}
		{6479E1AF-DEFF-4CD0-9641-ADC37F49B66A} = {5C12F4C3-1674-457C-BF34-0EDB75E1DA97}
		{FF892BDF-82C3-49D1-9350-69890AD31C20} = {6479E1AF-DEFF-4CD0-9641-ADC37F49B66A}
	EndGlobalSection
	GlobalSection(ProjectConfigurationPlatforms) = postSolution
		{387138B7-68DE-4D97-BE8F-36A2B5CA02E7}.Debug|Any CPU.ActiveCfg = Debug|Any CPU
		{387138B7-68DE-4D97-BE8F-36A2B5CA02E7}.Debug|Any CPU.Build.0 = Debug|Any CPU
		{387138B7-68DE-4D97-BE8F-36A2B5CA02E7}.Release|Any CPU.ActiveCfg = Release|Any CPU
		{387138B7-68DE-4D97-BE8F-36A2B5CA02E7}.Release|Any CPU.Build.0 = Release|Any CPU
		{7F9E50FC-F70C-43B3-8F93-E48BDA33C8E2}.Debug|Any CPU.ActiveCfg = Debug|Any CPU
		{7F9E50FC-F70C-43B3-8F93-E48BDA33C8E2}.Debug|Any CPU.Build.0 = Debug|Any CPU
		{7F9E50FC-F70C-43B3-8F93-E48BDA33C8E2}.Release|Any CPU.ActiveCfg = Release|Any CPU
		{7F9E50FC-F70C-43B3-8F93-E48BDA33C8E2}.Release|Any CPU.Build.0 = Release|Any CPU
		{194EA374-F936-4FD7-9936-71632731FE18}.Debug|Any CPU.ActiveCfg = Debug|Any CPU
		{194EA374-F936-4FD7-9936-71632731FE18}.Debug|Any CPU.Build.0 = Debug|Any CPU
		{194EA374-F936-4FD7-9936-71632731FE18}.Release|Any CPU.ActiveCfg = Release|Any CPU
		{194EA374-F936-4FD7-9936-71632731FE18}.Release|Any CPU.Build.0 = Release|Any CPU
		{4F4F761B-82F4-4265-965F-B521881C37FA}.Debug|Any CPU.ActiveCfg = Debug|Any CPU
		{4F4F761B-82F4-4265-965F-B521881C37FA}.Debug|Any CPU.Build.0 = Debug|Any CPU
		{4F4F761B-82F4-4265-965F-B521881C37FA}.Release|Any CPU.ActiveCfg = Release|Any CPU
		{4F4F761B-82F4-4265-965F-B521881C37FA}.Release|Any CPU.Build.0 = Release|Any CPU
		{66A4781B-7797-4FD1-A6E2-F5871A87BCD1}.Debug|Any CPU.ActiveCfg = Debug|Any CPU
		{66A4781B-7797-4FD1-A6E2-F5871A87BCD1}.Debug|Any CPU.Build.0 = Debug|Any CPU
		{66A4781B-7797-4FD1-A6E2-F5871A87BCD1}.Release|Any CPU.ActiveCfg = Release|Any CPU
		{66A4781B-7797-4FD1-A6E2-F5871A87BCD1}.Release|Any CPU.Build.0 = Release|Any CPU
		{995D6D04-0367-464C-B015-D42E327AE31C}.Debug|Any CPU.ActiveCfg = Debug|Any CPU
		{995D6D04-0367-464C-B015-D42E327AE31C}.Debug|Any CPU.Build.0 = Debug|Any CPU
		{995D6D04-0367-464C-B015-D42E327AE31C}.Release|Any CPU.ActiveCfg = Release|Any CPU
		{995D6D04-0367-464C-B015-D42E327AE31C}.Release|Any CPU.Build.0 = Release|Any CPU
		{EF009662-B9DD-477C-800B-3559774ED9CD}.Debug|Any CPU.ActiveCfg = Debug|Any CPU
		{EF009662-B9DD-477C-800B-3559774ED9CD}.Debug|Any CPU.Build.0 = Debug|Any CPU
		{EF009662-B9DD-477C-800B-3559774ED9CD}.Release|Any CPU.ActiveCfg = Release|Any CPU
		{EF009662-B9DD-477C-800B-3559774ED9CD}.Release|Any CPU.Build.0 = Release|Any CPU
		{FF892BDF-82C3-49D1-9350-69890AD31C20}.Debug|Any CPU.ActiveCfg = Debug|Any CPU
		{FF892BDF-82C3-49D1-9350-69890AD31C20}.Debug|Any CPU.Build.0 = Debug|Any CPU
		{FF892BDF-82C3-49D1-9350-69890AD31C20}.Release|Any CPU.ActiveCfg = Release|Any CPU
		{FF892BDF-82C3-49D1-9350-69890AD31C20}.Release|Any CPU.Build.0 = Release|Any CPU
	EndGlobalSection
EndGlobal
